
Microsoft Visual Studio Solution File, Format Version 12.00
# Visual Studio Version 16
VisualStudioVersion = 16.0.31702.278
MinimumVisualStudioVersion = 10.0.40219.1
Project("{FAE04EC0-301F-11D3-BF4B-00C04F79EFBC}") = "VeritabanıProjesi", "VeritabanıProjesi\VeritabanıProjesi.csproj", "{BE9319D2-695A-4385-9FE4-BFEE24D86759}"
EndProject
Global
	GlobalSection(SolutionConfigurationPlatforms) = preSolution
		Debug|Any CPU = Debug|Any CPU
		Release|Any CPU = Release|Any CPU
	EndGlobalSection
	GlobalSection(ProjectConfigurationPlatforms) = postSolution
		{BE9319D2-695A-4385-9FE4-BFEE24D86759}.Debug|Any CPU.ActiveCfg = Debug|Any CPU
		{BE9319D2-695A-4385-9FE4-BFEE24D86759}.Debug|Any CPU.Build.0 = Debug|Any CPU
		{BE9319D2-695A-4385-9FE4-BFEE24D86759}.Release|Any CPU.ActiveCfg = Release|Any CPU
		{BE9319D2-695A-4385-9FE4-BFEE24D86759}.Release|Any CPU.Build.0 = Release|Any CPU
	EndGlobalSection
	GlobalSection(SolutionProperties) = preSolution
		HideSolutionNode = FALSE
	EndGlobalSection
	GlobalSection(ExtensibilityGlobals) = postSolution
		SolutionGuid = {D4BDF93B-42D8-4B0B-8F46-D4326C57979E}
	EndGlobalSection
EndGlobal
